// !$*UTF8*$!
{
	archiveVersion = 1;
	classes = {
	};
	objectVersion = 56;
	objects = {

/* Begin PBXBuildFile section */
		ECEC7C042AD5435D00A1DF18 /* AppDelegate.swift in Sources */ = {isa = PBXBuildFile; fileRef = ECEC7C032AD5435D00A1DF18 /* AppDelegate.swift */; };
		ECEC7C062AD5435D00A1DF18 /* SceneDelegate.swift in Sources */ = {isa = PBXBuildFile; fileRef = ECEC7C052AD5435D00A1DF18 /* SceneDelegate.swift */; };
		ECEC7C082AD5435D00A1DF18 /* ViewController.swift in Sources */ = {isa = PBXBuildFile; fileRef = ECEC7C072AD5435D00A1DF18 /* ViewController.swift */; };
		ECEC7C0B2AD5435D00A1DF18 /* Main.storyboard in Resources */ = {isa = PBXBuildFile; fileRef = ECEC7C092AD5435D00A1DF18 /* Main.storyboard */; };
		ECEC7C0E2AD5435D00A1DF18 /* littlePinkBook.xcdatamodeld in Sources */ = {isa = PBXBuildFile; fileRef = ECEC7C0C2AD5435D00A1DF18 /* littlePinkBook.xcdatamodeld */; };
		ECEC7C102AD5436000A1DF18 /* Assets.xcassets in Resources */ = {isa = PBXBuildFile; fileRef = ECEC7C0F2AD5436000A1DF18 /* Assets.xcassets */; };
		ECEC7C132AD5436000A1DF18 /* LaunchScreen.storyboard in Resources */ = {isa = PBXBuildFile; fileRef = ECEC7C112AD5436000A1DF18 /* LaunchScreen.storyboard */; };
/* End PBXBuildFile section */

/* Begin PBXFileReference section */
		ECEC7C002AD5435D00A1DF18 /* littlePinkBook.app */ = {isa = PBXFileReference; explicitFileType = wrapper.application; includeInIndex = 0; path = littlePinkBook.app; sourceTree = BUILT_PRODUCTS_DIR; };
		ECEC7C032AD5435D00A1DF18 /* AppDelegate.swift */ = {isa = PBXFileReference; lastKnownFileType = sourcecode.swift; path = AppDelegate.swift; sourceTree = "<group>"; };
		ECEC7C052AD5435D00A1DF18 /* SceneDelegate.swift */ = {isa = PBXFileReference; lastKnownFileType = sourcecode.swift; path = SceneDelegate.swift; sourceTree = "<group>"; };
		ECEC7C072AD5435D00A1DF18 /* ViewController.swift */ = {isa = PBXFileReference; lastKnownFileType = sourcecode.swift; path = ViewController.swift; sourceTree = "<group>"; };
		ECEC7C0A2AD5435D00A1DF18 /* Base */ = {isa = PBXFileReference; lastKnownFileType = file.storyboard; name = Base; path = Base.lproj/Main.storyboard; sourceTree = "<group>"; };
		ECEC7C0D2AD5435D00A1DF18 /* littlePinkBook.xcdatamodel */ = {isa = PBXFileReference; lastKnownFileType = wrapper.xcdatamodel; path = littlePinkBook.xcdatamodel; sourceTree = "<group>"; };
		ECEC7C0F2AD5436000A1DF18 /* Assets.xcassets */ = {isa = PBXFileReference; lastKnownFileType = folder.assetcatalog; path = Assets.xcassets; sourceTree = "<group>"; };
		ECEC7C122AD5436000A1DF18 /* Base */ = {isa = PBXFileReference; lastKnownFileType = file.storyboard; name = Base; path = Base.lproj/LaunchScreen.storyboard; sourceTree = "<group>"; };
		ECEC7C142AD5436000A1DF18 /* Info.plist */ = {isa = PBXFileReference; lastKnownFileType = text.plist.xml; path = Info.plist; sourceTree = "<group>"; };
/* End PBXFileReference section */

/* Begin PBXFrameworksBuildPhase section */
		ECEC7BFD2AD5435D00A1DF18 /* Frameworks */ = {
			isa = PBXFrameworksBuildPhase;
			buildActionMask = 2147483647;
			files = (
			);
			runOnlyForDeploymentPostprocessing = 0;
		};
/* End PBXFrameworksBuildPhase section */

/* Begin PBXGroup section */
		ECEC7BF72AD5435D00A1DF18 = {
			isa = PBXGroup;
			children = (
				ECEC7C022AD5435D00A1DF18 /* littlePinkBook */,
				ECEC7C012AD5435D00A1DF18 /* Products */,
			);
			sourceTree = "<group>";
		};
		ECEC7C012AD5435D00A1DF18 /* Products */ = {
			isa = PBXGroup;
			children = (
				ECEC7C002AD5435D00A1DF18 /* littlePinkBook.app */,
			);
			name = Products;
			sourceTree = "<group>";
		};
		ECEC7C022AD5435D00A1DF18 /* littlePinkBook */ = {
			isa = PBXGroup;
			children = (
				ECEC7C032AD5435D00A1DF18 /* AppDelegate.swift */,
				ECEC7C052AD5435D00A1DF18 /* SceneDelegate.swift */,
				ECEC7C072AD5435D00A1DF18 /* ViewController.swift */,
				ECEC7C092AD5435D00A1DF18 /* Main.storyboard */,
				ECEC7C0F2AD5436000A1DF18 /* Assets.xcassets */,
				ECEC7C112AD5436000A1DF18 /* LaunchScreen.storyboard */,
				ECEC7C142AD5436000A1DF18 /* Info.plist */,
				ECEC7C0C2AD5435D00A1DF18 /* littlePinkBook.xcdatamodeld */,
			);
			path = littlePinkBook;
			sourceTree = "<group>";
		};
/* End PBXGroup section */

/* Begin PBXNativeTarget section */
		ECEC7BFF2AD5435D00A1DF18 /* littlePinkBook */ = {
			isa = PBXNativeTarget;
			buildConfigurationList = ECEC7C172AD5436000A1DF18 /* Build configuration list for PBXNativeTarget "littlePinkBook" */;
			buildPhases = (
				ECEC7BFC2AD5435D00A1DF18 /* Sources */,
				ECEC7BFD2AD5435D00A1DF18 /* Frameworks */,
				ECEC7BFE2AD5435D00A1DF18 /* Resources */,
			);
			buildRules = (
			);
			dependencies = (
			);
			name = littlePinkBook;
			productName = littlePinkBook;
			productReference = ECEC7C002AD5435D00A1DF18 /* littlePinkBook.app */;
			productType = "com.apple.product-type.application";
		};
/* End PBXNativeTarget section */

/* Begin PBXProject section */
		ECEC7BF82AD5435D00A1DF18 /* Project object */ = {
			isa = PBXProject;
			attributes = {
				BuildIndependentTargetsInParallel = 1;
				LastSwiftUpdateCheck = 1500;
				LastUpgradeCheck = 1500;
				TargetAttributes = {
					ECEC7BFF2AD5435D00A1DF18 = {
						CreatedOnToolsVersion = 15.0;
					};
				};
			};
			buildConfigurationList = ECEC7BFB2AD5435D00A1DF18 /* Build configuration list for PBXProject "littlePinkBook" */;
			compatibilityVersion = "Xcode 14.0";
			developmentRegion = en;
			hasScannedForEncodings = 0;
			knownRegions = (
				en,
				Base,
			);
			mainGroup = ECEC7BF72AD5435D00A1DF18;
			productRefGroup = ECEC7C012AD5435D00A1DF18 /* Products */;
			projectDirPath = "";
			projectRoot = "";
			targets = (
				ECEC7BFF2AD5435D00A1DF18 /* littlePinkBook */,
			);
		};
/* End PBXProject section */

/* Begin PBXResourcesBuildPhase section */
		ECEC7BFE2AD5435D00A1DF18 /* Resources */ = {
			isa = PBXResourcesBuildPhase;
			buildActionMask = 2147483647;
			files = (
				ECEC7C132AD5436000A1DF18 /* LaunchScreen.storyboard in Resources */,
				ECEC7C102AD5436000A1DF18 /* Assets.xcassets in Resources */,
				ECEC7C0B2AD5435D00A1DF18 /* Main.storyboard in Resources */,
			);
			runOnlyForDeploymentPostprocessing = 0;
		};
/* End PBXResourcesBuildPhase section */

/* Begin PBXSourcesBuildPhase section */
		ECEC7BFC2AD5435D00A1DF18 /* Sources */ = {
			isa = PBXSourcesBuildPhase;
			buildActionMask = 2147483647;
			files = (
				ECEC7C082AD5435D00A1DF18 /* ViewController.swift in Sources */,
				ECEC7C042AD5435D00A1DF18 /* AppDelegate.swift in Sources */,
				ECEC7C0E2AD5435D00A1DF18 /* littlePinkBook.xcdatamodeld in Sources */,
				ECEC7C062AD5435D00A1DF18 /* SceneDelegate.swift in Sources */,
			);
			runOnlyForDeploymentPostprocessing = 0;
		};
/* End PBXSourcesBuildPhase section */

/* Begin PBXVariantGroup section */
		ECEC7C092AD5435D00A1DF18 /* Main.storyboard */ = {
			isa = PBXVariantGroup;
			children = (
				ECEC7C0A2AD5435D00A1DF18 /* Base */,
			);
			name = Main.storyboard;
			sourceTree = "<group>";
		};
		ECEC7C112AD5436000A1DF18 /* LaunchScreen.storyboard */ = {
			isa = PBXVariantGroup;
			children = (
				ECEC7C122AD5436000A1DF18 /* Base */,
			);
			name = LaunchScreen.storyboard;
			sourceTree = "<group>";
		};
/* End PBXVariantGroup section */

/* Begin XCBuildConfiguration section */
		ECEC7C152AD5436000A1DF18 /* Debug */ = {
			isa = XCBuildConfiguration;
			buildSettings = {
				ALWAYS_SEARCH_USER_PATHS = NO;
				ASSETCATALOG_COMPILER_GENERATE_SWIFT_ASSET_SYMBOL_EXTENSIONS = YES;
				CLANG_ANALYZER_NONNULL = YES;
				CLANG_ANALYZER_NUMBER_OBJECT_CONVERSION = YES_AGGRESSIVE;
				CLANG_CXX_LANGUAGE_STANDARD = "gnu++20";
				CLANG_ENABLE_MODULES = YES;
				CLANG_ENABLE_OBJC_ARC = YES;
				CLANG_ENABLE_OBJC_WEAK = YES;
				CLANG_WARN_BLOCK_CAPTURE_AUTORELEASING = YES;
				CLANG_WARN_BOOL_CONVERSION = YES;
				CLANG_WARN_COMMA = YES;
				CLANG_WARN_CONSTANT_CONVERSION = YES;
				CLANG_WARN_DEPRECATED_OBJC_IMPLEMENTATIONS = YES;
				CLANG_WARN_DIRECT_OBJC_ISA_USAGE = YES_ERROR;
				CLANG_WARN_DOCUMENTATION_COMMENTS = YES;
				CLANG_WARN_EMPTY_BODY = YES;
				CLANG_WARN_ENUM_CONVERSION = YES;
				CLANG_WARN_INFINITE_RECURSION = YES;
				CLANG_WARN_INT_CONVERSION = YES;
				CLANG_WARN_NON_LITERAL_NULL_CONVERSION = YES;
				CLANG_WARN_OBJC_IMPLICIT_RETAIN_SELF = YES;
				CLANG_WARN_OBJC_LITERAL_CONVERSION = YES;
				CLANG_WARN_OBJC_ROOT_CLASS = YES_ERROR;
				CLANG_WARN_QUOTED_INCLUDE_IN_FRAMEWORK_HEADER = YES;
				CLANG_WARN_RANGE_LOOP_ANALYSIS = YES;
				CLANG_WARN_STRICT_PROTOTYPES = YES;
				CLANG_WARN_SUSPICIOUS_MOVE = YES;
				CLANG_WARN_UNGUARDED_AVAILABILITY = YES_AGGRESSIVE;
				CLANG_WARN_UNREACHABLE_CODE = YES;
				CLANG_WARN__DUPLICATE_METHOD_MATCH = YES;
				COPY_PHASE_STRIP = NO;
				DEBUG_INFORMATION_FORMAT = dwarf;
				ENABLE_STRICT_OBJC_MSGSEND = YES;
				ENABLE_TESTABILITY = YES;
				ENABLE_USER_SCRIPT_SANDBOXING = YES;
				GCC_C_LANGUAGE_STANDARD = gnu17;
				GCC_DYNAMIC_NO_PIC = NO;
				GCC_NO_COMMON_BLOCKS = YES;
				GCC_OPTIMIZATION_LEVEL = 0;
				GCC_PREPROCESSOR_DEFINITIONS = (
					"DEBUG=1",
					"$(inherited)",
				);
				GCC_WARN_64_TO_32_BIT_CONVERSION = YES;
				GCC_WARN_ABOUT_RETURN_TYPE = YES_ERROR;
				GCC_WARN_UNDECLARED_SELECTOR = YES;
				GCC_WARN_UNINITIALIZED_AUTOS = YES_AGGRESSIVE;
				GCC_WARN_UNUSED_FUNCTION = YES;
				GCC_WARN_UNUSED_VARIABLE = YES;
				IPHONEOS_DEPLOYMENT_TARGET = 17.0;
				LOCALIZATION_PREFERS_STRING_CATALOGS = YES;
				MTL_ENABLE_DEBUG_INFO = INCLUDE_SOURCE;
				MTL_FAST_MATH = YES;
				ONLY_ACTIVE_ARCH = YES;
				SDKROOT = iphoneos;
				SWIFT_ACTIVE_COMPILATION_CONDITIONS = "DEBUG $(inherited)";
				SWIFT_OPTIMIZATION_LEVEL = "-Onone";
			};
			name = Debug;
		};
		ECEC7C162AD5436000A1DF18 /* Release */ = {
			isa = XCBuildConfiguration;
			buildSettings = {
				ALWAYS_SEARCH_USER_PATHS = NO;
				ASSETCATALOG_COMPILER_GENERATE_SWIFT_ASSET_SYMBOL_EXTENSIONS = YES;
				CLANG_ANALYZER_NONNULL = YES;
				CLANG_ANALYZER_NUMBER_OBJECT_CONVERSION = YES_AGGRESSIVE;
				CLANG_CXX_LANGUAGE_STANDARD = "gnu++20";
				CLANG_ENABLE_MODULES = YES;
				CLANG_ENABLE_OBJC_ARC = YES;
				CLANG_ENABLE_OBJC_WEAK = YES;
				CLANG_WARN_BLOCK_CAPTURE_AUTORELEASING = YES;
				CLANG_WARN_BOOL_CONVERSION = YES;
				CLANG_WARN_COMMA = YES;
				CLANG_WARN_CONSTANT_CONVERSION = YES;
				CLANG_WARN_DEPRECATED_OBJC_IMPLEMENTATIONS = YES;
				CLANG_WARN_DIRECT_OBJC_ISA_USAGE = YES_ERROR;
				CLANG_WARN_DOCUMENTATION_COMMENTS = YES;
				CLANG_WARN_EMPTY_BODY = YES;
				CLANG_WARN_ENUM_CONVERSION = YES;
				CLANG_WARN_INFINITE_RECURSION = YES;
				CLANG_WARN_INT_CONVERSION = YES;
				CLANG_WARN_NON_LITERAL_NULL_CONVERSION = YES;
				CLANG_WARN_OBJC_IMPLICIT_RETAIN_SELF = YES;
				CLANG_WARN_OBJC_LITERAL_CONVERSION = YES;
				CLANG_WARN_OBJC_ROOT_CLASS = YES_ERROR;
				CLANG_WARN_QUOTED_INCLUDE_IN_FRAMEWORK_HEADER = YES;
				CLANG_WARN_RANGE_LOOP_ANALYSIS = YES;
				CLANG_WARN_STRICT_PROTOTYPES = YES;
				CLANG_WARN_SUSPICIOUS_MOVE = YES;
				CLANG_WARN_UNGUARDED_AVAILABILITY = YES_AGGRESSIVE;
				CLANG_WARN_UNREACHABLE_CODE = YES;
				CLANG_WARN__DUPLICATE_METHOD_MATCH = YES;
				COPY_PHASE_STRIP = NO;
				DEBUG_INFORMATION_FORMAT = "dwarf-with-dsym";
				ENABLE_NS_ASSERTIONS = NO;
				ENABLE_STRICT_OBJC_MSGSEND = YES;
				ENABLE_USER_SCRIPT_SANDBOXING = YES;
				GCC_C_LANGUAGE_STANDARD = gnu17;
				GCC_NO_COMMON_BLOCKS = YES;
				GCC_WARN_64_TO_32_BIT_CONVERSION = YES;
				GCC_WARN_ABOUT_RETURN_TYPE = YES_ERROR;
				GCC_WARN_UNDECLARED_SELECTOR = YES;
				GCC_WARN_UNINITIALIZED_AUTOS = YES_AGGRESSIVE;
				GCC_WARN_UNUSED_FUNCTION = YES;
				GCC_WARN_UNUSED_VARIABLE = YES;
				IPHONEOS_DEPLOYMENT_TARGET = 17.0;
				LOCALIZATION_PREFERS_STRING_CATALOGS = YES;
				MTL_ENABLE_DEBUG_INFO = NO;
				MTL_FAST_MATH = YES;
				SDKROOT = iphoneos;
				SWIFT_COMPILATION_MODE = wholemodule;
				VALIDATE_PRODUCT = YES;
			};
			name = Release;
		};
		ECEC7C182AD5436000A1DF18 /* Debug */ = {
			isa = XCBuildConfiguration;
			buildSettings = {
				ASSETCATALOG_COMPILER_APPICON_NAME = AppIcon;
				ASSETCATALOG_COMPILER_GLOBAL_ACCENT_COLOR_NAME = AccentColor;
				CODE_SIGN_STYLE = Automatic;
				CURRENT_PROJECT_VERSION = 1;
				DEVELOPMENT_TEAM = 387AZHN9TK;
				GENERATE_INFOPLIST_FILE = YES;
				INFOPLIST_FILE = littlePinkBook/Info.plist;
				INFOPLIST_KEY_CFBundleDisplayName = "小粉书";
				INFOPLIST_KEY_UIApplicationSupportsIndirectInputEvents = YES;
				INFOPLIST_KEY_UILaunchStoryboardName = LaunchScreen;
				INFOPLIST_KEY_UIMainStoryboardFile = Main;
				INFOPLIST_KEY_UIStatusBarStyle = "";
				INFOPLIST_KEY_UISupportedInterfaceOrientations = UIInterfaceOrientationPortrait;
				INFOPLIST_KEY_UISupportedInterfaceOrientations_iPad = "UIInterfaceOrientationLandscapeLeft UIInterfaceOrientationLandscapeRight UIInterfaceOrientationPortrait UIInterfaceOrientationPortraitUpsideDown";
				IPHONEOS_DEPLOYMENT_TARGET = 15.0;
				LD_RUNPATH_SEARCH_PATHS = (
					"$(inherited)",
					"@executable_path/Frameworks",
				);
				MARKETING_VERSION = 1.0;
				PRODUCT_BUNDLE_IDENTIFIER = com.little.littlePinkBook;
				PRODUCT_NAME = "$(TARGET_NAME)";
				SUPPORTED_PLATFORMS = "iphoneos iphonesimulator";
				SUPPORTS_MACCATALYST = NO;
				SUPPORTS_MAC_DESIGNED_FOR_IPHONE_IPAD = NO;
				SWIFT_EMIT_LOC_STRINGS = YES;
				SWIFT_VERSION = 5.0;
				TARGETED_DEVICE_FAMILY = 1;
			};
			name = Debug;
		};
		ECEC7C192AD5436000A1DF18 /* Release */ = {
			isa = XCBuildConfiguration;
			buildSettings = {
				ASSETCATALOG_COMPILER_APPICON_NAME = AppIcon;
				ASSETCATALOG_COMPILER_GLOBAL_ACCENT_COLOR_NAME = AccentColor;
				CODE_SIGN_STYLE = Automatic;
				CURRENT_PROJECT_VERSION = 1;
				DEVELOPMENT_TEAM = 387AZHN9TK;
				GENERATE_INFOPLIST_FILE = YES;
				INFOPLIST_FILE = littlePinkBook/Info.plist;
				INFOPLIST_KEY_CFBundleDisplayName = "小粉书";
				INFOPLIST_KEY_UIApplicationSupportsIndirectInputEvents = YES;
				INFOPLIST_KEY_UILaunchStoryboardName = LaunchScreen;
				INFOPLIST_KEY_UIMainStoryboardFile = Main;
				INFOPLIST_KEY_UIStatusBarStyle = "";
				INFOPLIST_KEY_UISupportedInterfaceOrientations = UIInterfaceOrientationPortrait;
				INFOPLIST_KEY_UISupportedInterfaceOrientations_iPad = "UIInterfaceOrientationLandscapeLeft UIInterfaceOrientationLandscapeRight UIInterfaceOrientationPortrait UIInterfaceOrientationPortraitUpsideDown";
				IPHONEOS_DEPLOYMENT_TARGET = 15.0;
				LD_RUNPATH_SEARCH_PATHS = (
					"$(inherited)",
					"@executable_path/Frameworks",
				);
				MARKETING_VERSION = 1.0;
				PRODUCT_BUNDLE_IDENTIFIER = com.little.littlePinkBook;
				PRODUCT_NAME = "$(TARGET_NAME)";
				SUPPORTED_PLATFORMS = "iphoneos iphonesimulator";
				SUPPORTS_MACCATALYST = NO;
				SUPPORTS_MAC_DESIGNED_FOR_IPHONE_IPAD = NO;
				SWIFT_EMIT_LOC_STRINGS = YES;
				SWIFT_VERSION = 5.0;
				TARGETED_DEVICE_FAMILY = 1;
			};
			name = Release;
		};
/* End XCBuildConfiguration section */

/* Begin XCConfigurationList section */
		ECEC7BFB2AD5435D00A1DF18 /* Build configuration list for PBXProject "littlePinkBook" */ = {
			isa = XCConfigurationList;
			buildConfigurations = (
				ECEC7C152AD5436000A1DF18 /* Debug */,
				ECEC7C162AD5436000A1DF18 /* Release */,
			);
			defaultConfigurationIsVisible = 0;
			defaultConfigurationName = Release;
		};
		ECEC7C172AD5436000A1DF18 /* Build configuration list for PBXNativeTarget "littlePinkBook" */ = {
			isa = XCConfigurationList;
			buildConfigurations = (
				ECEC7C182AD5436000A1DF18 /* Debug */,
				ECEC7C192AD5436000A1DF18 /* Release */,
			);
			defaultConfigurationIsVisible = 0;
			defaultConfigurationName = Release;
		};
/* End XCConfigurationList section */

/* Begin XCVersionGroup section */
		ECEC7C0C2AD5435D00A1DF18 /* littlePinkBook.xcdatamodeld */ = {
			isa = XCVersionGroup;
			children = (
				ECEC7C0D2AD5435D00A1DF18 /* littlePinkBook.xcdatamodel */,
			);
			currentVersion = ECEC7C0D2AD5435D00A1DF18 /* littlePinkBook.xcdatamodel */;
			path = littlePinkBook.xcdatamodeld;
			sourceTree = "<group>";
			versionGroupType = wrapper.xcdatamodel;
		};
/* End XCVersionGroup section */
	};
	rootObject = ECEC7BF82AD5435D00A1DF18 /* Project object */;
}
